
Microsoft Visual Studio Solution File, Format Version 12.00
# Visual Studio Version 17
VisualStudioVersion = 17.0.31717.71
MinimumVisualStudioVersion = 10.0.40219.1
Project("{FAE04EC0-301F-11D3-BF4B-00C04F79EFBC}") = "LeagueScoreWebsite", "LeagueScoreWebsite\LeagueScoreWebsite.csproj", "{81CE42A6-B9AF-491C-8F99-9CD0D896DA3A}"
EndProject
Global
	GlobalSection(SolutionConfigurationPlatforms) = preSolution
		Debug|Any CPU = Debug|Any CPU
		Release|Any CPU = Release|Any CPU
	EndGlobalSection
	GlobalSection(ProjectConfigurationPlatforms) = postSolution
		{81CE42A6-B9AF-491C-8F99-9CD0D896DA3A}.Debug|Any CPU.ActiveCfg = Debug|Any CPU
		{81CE42A6-B9AF-491C-8F99-9CD0D896DA3A}.Debug|Any CPU.Build.0 = Debug|Any CPU
		{81CE42A6-B9AF-491C-8F99-9CD0D896DA3A}.Release|Any CPU.ActiveCfg = Release|Any CPU
		{81CE42A6-B9AF-491C-8F99-9CD0D896DA3A}.Release|Any CPU.Build.0 = Release|Any CPU
	EndGlobalSection
	GlobalSection(SolutionProperties) = preSolution
		HideSolutionNode = FALSE
	EndGlobalSection
	GlobalSection(ExtensibilityGlobals) = postSolution
		SolutionGuid = {AF5F5EF2-0582-40B2-8902-40A3ED134B65}
	EndGlobalSection
EndGlobal
